
Microsoft Visual Studio Solution File, Format Version 12.00
# Visual Studio Version 17
VisualStudioVersion = 17.11.35312.102
MinimumVisualStudioVersion = 10.0.40219.1
Project("{FAE04EC0-301F-11D3-BF4B-00C04F79EFBC}") = "Lab10 (Структуры)", "Lab10 (Структуры)\Lab10 (Структуры).csproj", "{95F6B9C6-6A08-4EDA-BD44-9E7CB3AD168D}"
EndProject
Global
	GlobalSection(SolutionConfigurationPlatforms) = preSolution
		Debug|Any CPU = Debug|Any CPU
		Release|Any CPU = Release|Any CPU
	EndGlobalSection
	GlobalSection(ProjectConfigurationPlatforms) = postSolution
		{95F6B9C6-6A08-4EDA-BD44-9E7CB3AD168D}.Debug|Any CPU.ActiveCfg = Debug|Any CPU
		{95F6B9C6-6A08-4EDA-BD44-9E7CB3AD168D}.Debug|Any CPU.Build.0 = Debug|Any CPU
		{95F6B9C6-6A08-4EDA-BD44-9E7CB3AD168D}.Release|Any CPU.ActiveCfg = Release|Any CPU
		{95F6B9C6-6A08-4EDA-BD44-9E7CB3AD168D}.Release|Any CPU.Build.0 = Release|Any CPU
	EndGlobalSection
	GlobalSection(SolutionProperties) = preSolution
		HideSolutionNode = FALSE
	EndGlobalSection
	GlobalSection(ExtensibilityGlobals) = postSolution
		SolutionGuid = {BA7FC60E-4D85-4AC1-98FC-D41761CEE76D}
	EndGlobalSection
EndGlobal
