
Microsoft Visual Studio Solution File, Format Version 12.00
# Visual Studio Version 17
VisualStudioVersion = 17.11.35312.102
MinimumVisualStudioVersion = 10.0.40219.1
Project("{FAE04EC0-301F-11D3-BF4B-00C04F79EFBC}") = "Угадай число", "Угадай число\Угадай число.csproj", "{79CB105D-619F-46F5-B393-2070A8F2AC22}"
EndProject
Global
	GlobalSection(SolutionConfigurationPlatforms) = preSolution
		Debug|Any CPU = Debug|Any CPU
		Release|Any CPU = Release|Any CPU
	EndGlobalSection
	GlobalSection(ProjectConfigurationPlatforms) = postSolution
		{79CB105D-619F-46F5-B393-2070A8F2AC22}.Debug|Any CPU.ActiveCfg = Debug|Any CPU
		{79CB105D-619F-46F5-B393-2070A8F2AC22}.Debug|Any CPU.Build.0 = Debug|Any CPU
		{79CB105D-619F-46F5-B393-2070A8F2AC22}.Release|Any CPU.ActiveCfg = Release|Any CPU
		{79CB105D-619F-46F5-B393-2070A8F2AC22}.Release|Any CPU.Build.0 = Release|Any CPU
	EndGlobalSection
	GlobalSection(SolutionProperties) = preSolution
		HideSolutionNode = FALSE
	EndGlobalSection
	GlobalSection(ExtensibilityGlobals) = postSolution
		SolutionGuid = {F9104625-AA7C-4B4A-8B73-52F6BA308FDE}
	EndGlobalSection
EndGlobal
