
Microsoft Visual Studio Solution File, Format Version 12.00
# Visual Studio Version 17
VisualStudioVersion = 17.11.35312.102
MinimumVisualStudioVersion = 10.0.40219.1
Project("{FAE04EC0-301F-11D3-BF4B-00C04F79EFBC}") = "Расстояние между городами", "Расстояние между городами\Расстояние между городами.csproj", "{9F4CDFB4-BFB0-4BB4-BFAC-36AF87A6D3F1}"
EndProject
Global
	GlobalSection(SolutionConfigurationPlatforms) = preSolution
		Debug|Any CPU = Debug|Any CPU
		Release|Any CPU = Release|Any CPU
	EndGlobalSection
	GlobalSection(ProjectConfigurationPlatforms) = postSolution
		{9F4CDFB4-BFB0-4BB4-BFAC-36AF87A6D3F1}.Debug|Any CPU.ActiveCfg = Debug|Any CPU
		{9F4CDFB4-BFB0-4BB4-BFAC-36AF87A6D3F1}.Debug|Any CPU.Build.0 = Debug|Any CPU
		{9F4CDFB4-BFB0-4BB4-BFAC-36AF87A6D3F1}.Release|Any CPU.ActiveCfg = Release|Any CPU
		{9F4CDFB4-BFB0-4BB4-BFAC-36AF87A6D3F1}.Release|Any CPU.Build.0 = Release|Any CPU
	EndGlobalSection
	GlobalSection(SolutionProperties) = preSolution
		HideSolutionNode = FALSE
	EndGlobalSection
	GlobalSection(ExtensibilityGlobals) = postSolution
		SolutionGuid = {2BE9D6DD-60DA-4478-9DAF-84B6DAB5C520}
	EndGlobalSection
EndGlobal
