
Microsoft Visual Studio Solution File, Format Version 12.00
# Visual Studio Version 17
VisualStudioVersion = 17.11.35312.102
MinimumVisualStudioVersion = 10.0.40219.1
Project("{FAE04EC0-301F-11D3-BF4B-00C04F79EFBC}") = "Lab2 (Первое применение интерфейсов)", "Lab2 (Первое применение интерфейсов)\Lab2 (Первое применение интерфейсов).csproj", "{E20F3CB2-DEC2-4D16-9D2F-405F3FF1C1F6}"
EndProject
Global
	GlobalSection(SolutionConfigurationPlatforms) = preSolution
		Debug|Any CPU = Debug|Any CPU
		Release|Any CPU = Release|Any CPU
	EndGlobalSection
	GlobalSection(ProjectConfigurationPlatforms) = postSolution
		{E20F3CB2-DEC2-4D16-9D2F-405F3FF1C1F6}.Debug|Any CPU.ActiveCfg = Debug|Any CPU
		{E20F3CB2-DEC2-4D16-9D2F-405F3FF1C1F6}.Debug|Any CPU.Build.0 = Debug|Any CPU
		{E20F3CB2-DEC2-4D16-9D2F-405F3FF1C1F6}.Release|Any CPU.ActiveCfg = Release|Any CPU
		{E20F3CB2-DEC2-4D16-9D2F-405F3FF1C1F6}.Release|Any CPU.Build.0 = Release|Any CPU
	EndGlobalSection
	GlobalSection(SolutionProperties) = preSolution
		HideSolutionNode = FALSE
	EndGlobalSection
	GlobalSection(ExtensibilityGlobals) = postSolution
		SolutionGuid = {3A4B55ED-0BAD-4F70-ADEA-3E3CA5564820}
	EndGlobalSection
EndGlobal
