
Microsoft Visual Studio Solution File, Format Version 12.00
# Visual Studio Version 17
VisualStudioVersion = 17.11.35312.102
MinimumVisualStudioVersion = 10.0.40219.1
Project("{FAE04EC0-301F-11D3-BF4B-00C04F79EFBC}") = "Lab 9", "Lab 9\Lab 9.csproj", "{9F1F1EB2-BAB5-4780-9C39-EFADA525534C}"
EndProject
Global
	GlobalSection(SolutionConfigurationPlatforms) = preSolution
		Debug|Any CPU = Debug|Any CPU
		Release|Any CPU = Release|Any CPU
	EndGlobalSection
	GlobalSection(ProjectConfigurationPlatforms) = postSolution
		{9F1F1EB2-BAB5-4780-9C39-EFADA525534C}.Debug|Any CPU.ActiveCfg = Debug|Any CPU
		{9F1F1EB2-BAB5-4780-9C39-EFADA525534C}.Debug|Any CPU.Build.0 = Debug|Any CPU
		{9F1F1EB2-BAB5-4780-9C39-EFADA525534C}.Release|Any CPU.ActiveCfg = Release|Any CPU
		{9F1F1EB2-BAB5-4780-9C39-EFADA525534C}.Release|Any CPU.Build.0 = Release|Any CPU
	EndGlobalSection
	GlobalSection(SolutionProperties) = preSolution
		HideSolutionNode = FALSE
	EndGlobalSection
	GlobalSection(ExtensibilityGlobals) = postSolution
		SolutionGuid = {238BFD97-09AD-4669-B227-1D8879874CAE}
	EndGlobalSection
EndGlobal
